
Microsoft Visual Studio Solution File, Format Version 12.00
# Visual Studio Version 17
VisualStudioVersion = 17.14.36616.10 d17.14
MinimumVisualStudioVersion = 10.0.40219.1
Project("{8BC9CEB8-8B4A-11D0-8D11-00A0C91BC942}") = "22- Data Type Conversion (Casting)", "22- Data Type Conversion (Casting)\22- Data Type Conversion (Casting).vcxproj", "{36916FB7-B8CB-4E92-8436-EFB97E740ECD}"
EndProject
Global
	GlobalSection(SolutionConfigurationPlatforms) = preSolution
		Debug|x64 = Debug|x64
		Debug|x86 = Debug|x86
		Release|x64 = Release|x64
		Release|x86 = Release|x86
	EndGlobalSection
	GlobalSection(ProjectConfigurationPlatforms) = postSolution
		{36916FB7-B8CB-4E92-8436-EFB97E740ECD}.Debug|x64.ActiveCfg = Debug|x64
		{36916FB7-B8CB-4E92-8436-EFB97E740ECD}.Debug|x64.Build.0 = Debug|x64
		{36916FB7-B8CB-4E92-8436-EFB97E740ECD}.Debug|x86.ActiveCfg = Debug|Win32
		{36916FB7-B8CB-4E92-8436-EFB97E740ECD}.Debug|x86.Build.0 = Debug|Win32
		{36916FB7-B8CB-4E92-8436-EFB97E740ECD}.Release|x64.ActiveCfg = Release|x64
		{36916FB7-B8CB-4E92-8436-EFB97E740ECD}.Release|x64.Build.0 = Release|x64
		{36916FB7-B8CB-4E92-8436-EFB97E740ECD}.Release|x86.ActiveCfg = Release|Win32
		{36916FB7-B8CB-4E92-8436-EFB97E740ECD}.Release|x86.Build.0 = Release|Win32
	EndGlobalSection
	GlobalSection(SolutionProperties) = preSolution
		HideSolutionNode = FALSE
	EndGlobalSection
	GlobalSection(ExtensibilityGlobals) = postSolution
		SolutionGuid = {A3C82C20-9BB3-486F-A76A-74F60DF8CFAD}
	EndGlobalSection
EndGlobal
