
Microsoft Visual Studio Solution File, Format Version 12.00
# Visual Studio Version 17
VisualStudioVersion = 17.14.36616.10 d17.14
MinimumVisualStudioVersion = 10.0.40219.1
Project("{8BC9CEB8-8B4A-11D0-8D11-00A0C91BC942}") = "7UserInputs", "7UserInputs\7UserInputs.vcxproj", "{447E3567-D459-4E28-A759-C95C04F7526D}"
EndProject
Global
	GlobalSection(SolutionConfigurationPlatforms) = preSolution
		Debug|x64 = Debug|x64
		Debug|x86 = Debug|x86
		Release|x64 = Release|x64
		Release|x86 = Release|x86
	EndGlobalSection
	GlobalSection(ProjectConfigurationPlatforms) = postSolution
		{447E3567-D459-4E28-A759-C95C04F7526D}.Debug|x64.ActiveCfg = Debug|x64
		{447E3567-D459-4E28-A759-C95C04F7526D}.Debug|x64.Build.0 = Debug|x64
		{447E3567-D459-4E28-A759-C95C04F7526D}.Debug|x86.ActiveCfg = Debug|Win32
		{447E3567-D459-4E28-A759-C95C04F7526D}.Debug|x86.Build.0 = Debug|Win32
		{447E3567-D459-4E28-A759-C95C04F7526D}.Release|x64.ActiveCfg = Release|x64
		{447E3567-D459-4E28-A759-C95C04F7526D}.Release|x64.Build.0 = Release|x64
		{447E3567-D459-4E28-A759-C95C04F7526D}.Release|x86.ActiveCfg = Release|Win32
		{447E3567-D459-4E28-A759-C95C04F7526D}.Release|x86.Build.0 = Release|Win32
	EndGlobalSection
	GlobalSection(SolutionProperties) = preSolution
		HideSolutionNode = FALSE
	EndGlobalSection
	GlobalSection(ExtensibilityGlobals) = postSolution
		SolutionGuid = {99764EA5-E8EC-46B9-BA0B-CCFC66ACF4BE}
	EndGlobalSection
EndGlobal
